%{"cowboy": {:git, "git://github.com/extend/cowboy.git", "6672ea04155a075e60381413bf9b65b3974b7d57", [tag: "0.9.0"]},
  "cowlib": {:git, "git://github.com/extend/cowlib.git", "34a39ef28ca841fb9233ce9df3ec654eb321c5e5", [ref: "0.3.0"]},
  "httpotion": {:git, "git://github.com/myfreeweb/httpotion.git", "346d9c775c628dbd21657bd232a28b7cf718e6e5", []},
  "ibrowse": {:git, "git://github.com/cmullaparthi/ibrowse.git", "7871e2ebe8811efb64e1917e2de455fa87e8dfe3", [tag: "v4.1.0"]},
  "ranch": {:git, "git://github.com/extend/ranch.git", "41705752ffc7e3ecb96eef8374015ead4ca7f699", [ref: "0.8.5"]}}
