%{"cowboy": {:hex, :cowboy, "1.0.4"},
  "cowlib": {:hex, :cowlib, "1.0.2"},
  "httpotion": {:git, "https://github.com/myfreeweb/httpotion.git", "1419c64468483d192cc017f18de3412f9dca7fb4", []},
  "ibrowse": {:git, "https://github.com/cmullaparthi/ibrowse.git", "7871e2ebe8811efb64e1917e2de455fa87e8dfe3", [tag: "v4.1.0"]},
  "ranch": {:hex, :ranch, "1.2.0"}}
